{
  "lockfileVersion": 1,
  "configVersion": 1,
  "workspaces": {
    "": {
      "name": "stripe-connect-sample",
      "dependencies": {
        "@hono/node-server": "^2.0.4",
        "hono": "^4.12.23",
        "stripe": "^22.2.0",
      },
      "devDependencies": {
        "@types/node": "^22.0.0",
      },
    },
  },
  "packages": {
    "@hono/node-server": ["@hono/node-server@2.0.4", "", { "peerDependencies": { "hono": "^4" } }, "sha512-Ut3y0dMMPWy6bZ2kVfx25EOVbZlm15dhF4mOsezMlhpNHy+4MkU1qN9Y6lnruYi4wPmFzimGX2X7LF/FwHli4A=="],

    "@types/node": ["@types/node@22.19.21", "", { "dependencies": { "undici-types": "~6.21.0" } }, "sha512-VMeFBSCKQKmm2swI2kW51SFusDqekC6q9trBCvJ/JliDchFSuoYYKN7yVNjPthP1HKZcx3U1gI/wTcEBjEFKTA=="],

    "hono": ["hono@4.12.25", "", {}, "sha512-2NFaIyNVgJmBs/ecmtGzlmluTFs5cHEWGTdu0t1HBwYzoGXOL5nUQBRMXsXWla5i4KkG//QMzVP88m1+I3fdAQ=="],

    "stripe": ["stripe@22.2.0", "", { "peerDependencies": { "@types/node": ">=18" }, "optionalPeers": ["@types/node"] }, "sha512-WFGpMOom9QZqso1kcnSwJsCdC1QHDlMoCOxBZRf3JraMzhkfw7dgSdD2a1CFZrqC+mzAfqeEtYILrZhWKIDruA=="],

    "undici-types": ["undici-types@6.21.0", "", {}, "sha512-iwDZqg0QAGrg9Rav5H4n0M64c3mkR59cJ6wQp+7C4nI0gsmExaedaYLNO44eT4AtBBwjbTiGPMlt2Md0T9H9JQ=="],
  }
}
